
Microsoft Visual Studio Solution File, Format Version 12.00
# Visual Studio Version 17
VisualStudioVersion = 17.11.35312.102
MinimumVisualStudioVersion = 10.0.40219.1
Project("{FAE04EC0-301F-11D3-BF4B-00C04F79EFBC}") = "SOLID principles", "SOLID principles\SOLID principles.csproj", "{D2E832E3-21CF-4830-8411-1E83329325E7}"
EndProject
Project("{FAE04EC0-301F-11D3-BF4B-00C04F79EFBC}") = "Online store with discounts", "Online store with discounts\Online store with discounts.csproj", "{5DE36E34-7C59-4A03-86FF-CAB51C769E7B}"
EndProject
Global
	GlobalSection(SolutionConfigurationPlatforms) = preSolution
		Debug|Any CPU = Debug|Any CPU
		Release|Any CPU = Release|Any CPU
	EndGlobalSection
	GlobalSection(ProjectConfigurationPlatforms) = postSolution
		{D2E832E3-21CF-4830-8411-1E83329325E7}.Debug|Any CPU.ActiveCfg = Debug|Any CPU
		{D2E832E3-21CF-4830-8411-1E83329325E7}.Debug|Any CPU.Build.0 = Debug|Any CPU
		{D2E832E3-21CF-4830-8411-1E83329325E7}.Release|Any CPU.ActiveCfg = Release|Any CPU
		{D2E832E3-21CF-4830-8411-1E83329325E7}.Release|Any CPU.Build.0 = Release|Any CPU
		{5DE36E34-7C59-4A03-86FF-CAB51C769E7B}.Debug|Any CPU.ActiveCfg = Debug|Any CPU
		{5DE36E34-7C59-4A03-86FF-CAB51C769E7B}.Debug|Any CPU.Build.0 = Debug|Any CPU
		{5DE36E34-7C59-4A03-86FF-CAB51C769E7B}.Release|Any CPU.ActiveCfg = Release|Any CPU
		{5DE36E34-7C59-4A03-86FF-CAB51C769E7B}.Release|Any CPU.Build.0 = Release|Any CPU
	EndGlobalSection
	GlobalSection(SolutionProperties) = preSolution
		HideSolutionNode = FALSE
	EndGlobalSection
	GlobalSection(ExtensibilityGlobals) = postSolution
		SolutionGuid = {F455C282-07F2-435C-9564-8231300973BF}
	EndGlobalSection
EndGlobal
